# This file is automatically @generated by Cargo.
# It is not intended for manual editing.
version = 4

[[package]]
name = "mtproxy-bin"
version = "0.1.0"
dependencies = [
 "mtproxy-core",
 "mtproxy-ffi",
]

[[package]]
name = "mtproxy-core"
version = "0.1.0"

[[package]]
name = "mtproxy-ffi"
version = "0.1.0"
dependencies = [
 "mtproxy-core",
]
